// !$*UTF8*$!
{
	archiveVersion = 1;
	classes = {
	};
	objectVersion = 46;
	objects = {

/* Begin PBXBuildFile section */
		EF3502DF1C7275ED00B4EFB5 /* AppDelegate.swift in Sources */ = {isa = PBXBuildFile; fileRef = EF3502DE1C7275ED00B4EFB5 /* AppDelegate.swift */; };
		EF3502E11C7275ED00B4EFB5 /* ViewController.swift in Sources */ = {isa = PBXBuildFile; fileRef = EF3502E01C7275ED00B4EFB5 /* ViewController.swift */; };
		EF3502E41C7275ED00B4EFB5 /* Main.storyboard in Resources */ = {isa = PBXBuildFile; fileRef = EF3502E21C7275ED00B4EFB5 /* Main.storyboard */; };
		EF3502E61C7275ED00B4EFB5 /* Assets.xcassets in Resources */ = {isa = PBXBuildFile; fileRef = EF3502E51C7275ED00B4EFB5 /* Assets.xcassets */; };
		EF3502E91C7275ED00B4EFB5 /* LaunchScreen.storyboard in Resources */ = {isa = PBXBuildFile; fileRef = EF3502E71C7275ED00B4EFB5 /* LaunchScreen.storyboard */; };
		EFF750B01C727BDB00A1221C /* TwitterClient.swift in Sources */ = {isa = PBXBuildFile; fileRef = EFF750AF1C727BDB00A1221C /* TwitterClient.swift */; };
		FE1405547399C62741A71122 /* Pods.framework in Frameworks */ = {isa = PBXBuildFile; fileRef = D8555ED10159000774410C7B /* Pods.framework */; };
/* End PBXBuildFile section */

/* Begin PBXFileReference section */
		2F19F28EB0ABEB30FE76D442 /* Pods.release.xcconfig */ = {isa = PBXFileReference; includeInIndex = 1; lastKnownFileType = text.xcconfig; name = Pods.release.xcconfig; path = "Pods/Target Support Files/Pods/Pods.release.xcconfig"; sourceTree = "<group>"; };
		6C1DB2215652FA10FF11D3BF /* Pods.debug.xcconfig */ = {isa = PBXFileReference; includeInIndex = 1; lastKnownFileType = text.xcconfig; name = Pods.debug.xcconfig; path = "Pods/Target Support Files/Pods/Pods.debug.xcconfig"; sourceTree = "<group>"; };
		D8555ED10159000774410C7B /* Pods.framework */ = {isa = PBXFileReference; explicitFileType = wrapper.framework; includeInIndex = 0; path = Pods.framework; sourceTree = BUILT_PRODUCTS_DIR; };
		EF3502DB1C7275ED00B4EFB5 /* Tweeterio.app */ = {isa = PBXFileReference; explicitFileType = wrapper.application; includeInIndex = 0; path = Tweeterio.app; sourceTree = BUILT_PRODUCTS_DIR; };
		EF3502DE1C7275ED00B4EFB5 /* AppDelegate.swift */ = {isa = PBXFileReference; lastKnownFileType = sourcecode.swift; path = AppDelegate.swift; sourceTree = "<group>"; };
		EF3502E01C7275ED00B4EFB5 /* ViewController.swift */ = {isa = PBXFileReference; lastKnownFileType = sourcecode.swift; path = ViewController.swift; sourceTree = "<group>"; };
		EF3502E31C7275ED00B4EFB5 /* Base */ = {isa = PBXFileReference; lastKnownFileType = file.storyboard; name = Base; path = Base.lproj/Main.storyboard; sourceTree = "<group>"; };
		EF3502E51C7275ED00B4EFB5 /* Assets.xcassets */ = {isa = PBXFileReference; lastKnownFileType = folder.assetcatalog; path = Assets.xcassets; sourceTree = "<group>"; };
		EF3502E81C7275ED00B4EFB5 /* Base */ = {isa = PBXFileReference; lastKnownFileType = file.storyboard; name = Base; path = Base.lproj/LaunchScreen.storyboard; sourceTree = "<group>"; };
		EF3502EA1C7275ED00B4EFB5 /* Info.plist */ = {isa = PBXFileReference; lastKnownFileType = text.plist.xml; path = Info.plist; sourceTree = "<group>"; };
		EFF750AF1C727BDB00A1221C /* TwitterClient.swift */ = {isa = PBXFileReference; fileEncoding = 4; lastKnownFileType = sourcecode.swift; path = TwitterClient.swift; sourceTree = "<group>"; };
/* End PBXFileReference section */

/* Begin PBXFrameworksBuildPhase section */
		EF3502D81C7275ED00B4EFB5 /* Frameworks */ = {
			isa = PBXFrameworksBuildPhase;
			buildActionMask = 2147483647;
			files = (
				FE1405547399C62741A71122 /* Pods.framework in Frameworks */,
			);
			runOnlyForDeploymentPostprocessing = 0;
		};
/* End PBXFrameworksBuildPhase section */

/* Begin PBXGroup section */
		4BEDCA9B5E1294506DE670D8 /* Frameworks */ = {
			isa = PBXGroup;
			children = (
				D8555ED10159000774410C7B /* Pods.framework */,
			);
			name = Frameworks;
			sourceTree = "<group>";
		};
		4DF6415713E0C83A7C27B7C7 /* Pods */ = {
			isa = PBXGroup;
			children = (
				6C1DB2215652FA10FF11D3BF /* Pods.debug.xcconfig */,
				2F19F28EB0ABEB30FE76D442 /* Pods.release.xcconfig */,
			);
			name = Pods;
			sourceTree = "<group>";
		};
		EF10F9A41C727A5500131BB3 /* API */ = {
			isa = PBXGroup;
			children = (
				EFF750AF1C727BDB00A1221C /* TwitterClient.swift */,
			);
			name = API;
			sourceTree = "<group>";
		};
		EF3502D21C7275ED00B4EFB5 = {
			isa = PBXGroup;
			children = (
				EF3502DD1C7275ED00B4EFB5 /* Tweeter */,
				EF3502DC1C7275ED00B4EFB5 /* Products */,
				4DF6415713E0C83A7C27B7C7 /* Pods */,
				4BEDCA9B5E1294506DE670D8 /* Frameworks */,
			);
			sourceTree = "<group>";
		};
		EF3502DC1C7275ED00B4EFB5 /* Products */ = {
			isa = PBXGroup;
			children = (
				EF3502DB1C7275ED00B4EFB5 /* Tweeterio.app */,
			);
			name = Products;
			sourceTree = "<group>";
		};
		EF3502DD1C7275ED00B4EFB5 /* Tweeter */ = {
			isa = PBXGroup;
			children = (
				EF10F9A41C727A5500131BB3 /* API */,
				EF3502DE1C7275ED00B4EFB5 /* AppDelegate.swift */,
				EF3502E01C7275ED00B4EFB5 /* ViewController.swift */,
				EF3502E21C7275ED00B4EFB5 /* Main.storyboard */,
				EF3502E51C7275ED00B4EFB5 /* Assets.xcassets */,
				EF3502E71C7275ED00B4EFB5 /* LaunchScreen.storyboard */,
				EF3502EA1C7275ED00B4EFB5 /* Info.plist */,
			);
			path = Tweeter;
			sourceTree = "<group>";
		};
/* End PBXGroup section */

/* Begin PBXNativeTarget section */
		EF3502DA1C7275ED00B4EFB5 /* Tweeterio */ = {
			isa = PBXNativeTarget;
			buildConfigurationList = EF3502ED1C7275ED00B4EFB5 /* Build configuration list for PBXNativeTarget "Tweeterio" */;
			buildPhases = (
				2DB11BCE7EB7D16E0A7C06AC /* Check Pods Manifest.lock */,
				EF3502D71C7275ED00B4EFB5 /* Sources */,
				EF3502D81C7275ED00B4EFB5 /* Frameworks */,
				EF3502D91C7275ED00B4EFB5 /* Resources */,
				501C811ACF7AC2171A22A97C /* Embed Pods Frameworks */,
				33C6FD7619D942EA7FFE5510 /* Copy Pods Resources */,
			);
			buildRules = (
			);
			dependencies = (
			);
			name = Tweeterio;
			productName = Tweeter;
			productReference = EF3502DB1C7275ED00B4EFB5 /* Tweeterio.app */;
			productType = "com.apple.product-type.application";
		};
/* End PBXNativeTarget section */

/* Begin PBXProject section */
		EF3502D31C7275ED00B4EFB5 /* Project object */ = {
			isa = PBXProject;
			attributes = {
				LastSwiftUpdateCheck = 0720;
				LastUpgradeCheck = 0720;
				ORGANIZATIONNAME = "Jordi Turner";
				TargetAttributes = {
					EF3502DA1C7275ED00B4EFB5 = {
						CreatedOnToolsVersion = 7.2;
						DevelopmentTeam = 427YUSBNS9;
					};
				};
			};
			buildConfigurationList = EF3502D61C7275ED00B4EFB5 /* Build configuration list for PBXProject "Tweeterio" */;
			compatibilityVersion = "Xcode 3.2";
			developmentRegion = English;
			hasScannedForEncodings = 0;
			knownRegions = (
				en,
				Base,
			);
			mainGroup = EF3502D21C7275ED00B4EFB5;
			productRefGroup = EF3502DC1C7275ED00B4EFB5 /* Products */;
			projectDirPath = "";
			projectRoot = "";
			targets = (
				EF3502DA1C7275ED00B4EFB5 /* Tweeterio */,
			);
		};
/* End PBXProject section */

/* Begin PBXResourcesBuildPhase section */
		EF3502D91C7275ED00B4EFB5 /* Resources */ = {
			isa = PBXResourcesBuildPhase;
			buildActionMask = 2147483647;
			files = (
				EF3502E91C7275ED00B4EFB5 /* LaunchScreen.storyboard in Resources */,
				EF3502E61C7275ED00B4EFB5 /* Assets.xcassets in Resources */,
				EF3502E41C7275ED00B4EFB5 /* Main.storyboard in Resources */,
			);
			runOnlyForDeploymentPostprocessing = 0;
		};
/* End PBXResourcesBuildPhase section */

/* Begin PBXShellScriptBuildPhase section */
		2DB11BCE7EB7D16E0A7C06AC /* Check Pods Manifest.lock */ = {
			isa = PBXShellScriptBuildPhase;
			buildActionMask = 2147483647;
			files = (
			);
			inputPaths = (
			);
			name = "Check Pods Manifest.lock";
			outputPaths = (
			);
			runOnlyForDeploymentPostprocessing = 0;
			shellPath = /bin/sh;
			shellScript = "diff \"${PODS_ROOT}/../Podfile.lock\" \"${PODS_ROOT}/Manifest.lock\" > /dev/null\nif [[ $? != 0 ]] ; then\n    cat << EOM\nerror: The sandbox is not in sync with the Podfile.lock. Run 'pod install' or update your CocoaPods installation.\nEOM\n    exit 1\nfi\n";
			showEnvVarsInLog = 0;
		};
		33C6FD7619D942EA7FFE5510 /* Copy Pods Resources */ = {
			isa = PBXShellScriptBuildPhase;
			buildActionMask = 2147483647;
			files = (
			);
			inputPaths = (
			);
			name = "Copy Pods Resources";
			outputPaths = (
			);
			runOnlyForDeploymentPostprocessing = 0;
			shellPath = /bin/sh;
			shellScript = "\"${SRCROOT}/Pods/Target Support Files/Pods/Pods-resources.sh\"\n";
			showEnvVarsInLog = 0;
		};
		501C811ACF7AC2171A22A97C /* Embed Pods Frameworks */ = {
			isa = PBXShellScriptBuildPhase;
			buildActionMask = 2147483647;
			files = (
			);
			inputPaths = (
			);
			name = "Embed Pods Frameworks";
			outputPaths = (
			);
			runOnlyForDeploymentPostprocessing = 0;
			shellPath = /bin/sh;
			shellScript = "\"${SRCROOT}/Pods/Target Support Files/Pods/Pods-frameworks.sh\"\n";
			showEnvVarsInLog = 0;
		};
/* End PBXShellScriptBuildPhase section */

/* Begin PBXSourcesBuildPhase section */
		EF3502D71C7275ED00B4EFB5 /* Sources */ = {
			isa = PBXSourcesBuildPhase;
			buildActionMask = 2147483647;
			files = (
				EF3502E11C7275ED00B4EFB5 /* ViewController.swift in Sources */,
				EFF750B01C727BDB00A1221C /* TwitterClient.swift in Sources */,
				EF3502DF1C7275ED00B4EFB5 /* AppDelegate.swift in Sources */,
			);
			runOnlyForDeploymentPostprocessing = 0;
		};
/* End PBXSourcesBuildPhase section */

/* Begin PBXVariantGroup section */
		EF3502E21C7275ED00B4EFB5 /* Main.storyboard */ = {
			isa = PBXVariantGroup;
			children = (
				EF3502E31C7275ED00B4EFB5 /* Base */,
			);
			name = Main.storyboard;
			sourceTree = "<group>";
		};
		EF3502E71C7275ED00B4EFB5 /* LaunchScreen.storyboard */ = {
			isa = PBXVariantGroup;
			children = (
				EF3502E81C7275ED00B4EFB5 /* Base */,
			);
			name = LaunchScreen.storyboard;
			sourceTree = "<group>";
		};
/* End PBXVariantGroup section */

/* Begin XCBuildConfiguration section */
		EF3502EB1C7275ED00B4EFB5 /* Debug */ = {
			isa = XCBuildConfiguration;
			buildSettings = {
				ALWAYS_SEARCH_USER_PATHS = NO;
				CLANG_CXX_LANGUAGE_STANDARD = "gnu++0x";
				CLANG_CXX_LIBRARY = "libc++";
				CLANG_ENABLE_MODULES = YES;
				CLANG_ENABLE_OBJC_ARC = YES;
				CLANG_WARN_BOOL_CONVERSION = YES;
				CLANG_WARN_CONSTANT_CONVERSION = YES;
				CLANG_WARN_DIRECT_OBJC_ISA_USAGE = YES_ERROR;
				CLANG_WARN_EMPTY_BODY = YES;
				CLANG_WARN_ENUM_CONVERSION = YES;
				CLANG_WARN_INT_CONVERSION = YES;
				CLANG_WARN_OBJC_ROOT_CLASS = YES_ERROR;
				CLANG_WARN_UNREACHABLE_CODE = YES;
				CLANG_WARN__DUPLICATE_METHOD_MATCH = YES;
				"CODE_SIGN_IDENTITY[sdk=iphoneos*]" = "iPhone Developer";
				COPY_PHASE_STRIP = NO;
				DEBUG_INFORMATION_FORMAT = dwarf;
				ENABLE_STRICT_OBJC_MSGSEND = YES;
				ENABLE_TESTABILITY = YES;
				GCC_C_LANGUAGE_STANDARD = gnu99;
				GCC_DYNAMIC_NO_PIC = NO;
				GCC_NO_COMMON_BLOCKS = YES;
				GCC_OPTIMIZATION_LEVEL = 0;
				GCC_PREPROCESSOR_DEFINITIONS = (
					"DEBUG=1",
					"$(inherited)",
				);
				GCC_WARN_64_TO_32_BIT_CONVERSION = YES;
				GCC_WARN_ABOUT_RETURN_TYPE = YES_ERROR;
				GCC_WARN_UNDECLARED_SELECTOR = YES;
				GCC_WARN_UNINITIALIZED_AUTOS = YES_AGGRESSIVE;
				GCC_WARN_UNUSED_FUNCTION = YES;
				GCC_WARN_UNUSED_VARIABLE = YES;
				IPHONEOS_DEPLOYMENT_TARGET = 9.2;
				MTL_ENABLE_DEBUG_INFO = YES;
				ONLY_ACTIVE_ARCH = YES;
				SDKROOT = iphoneos;
				SWIFT_OPTIMIZATION_LEVEL = "-Onone";
			};
			name = Debug;
		};
		EF3502EC1C7275ED00B4EFB5 /* Release */ = {
			isa = XCBuildConfiguration;
			buildSettings = {
				ALWAYS_SEARCH_USER_PATHS = NO;
				CLANG_CXX_LANGUAGE_STANDARD = "gnu++0x";
				CLANG_CXX_LIBRARY = "libc++";
				CLANG_ENABLE_MODULES = YES;
				CLANG_ENABLE_OBJC_ARC = YES;
				CLANG_WARN_BOOL_CONVERSION = YES;
				CLANG_WARN_CONSTANT_CONVERSION = YES;
				CLANG_WARN_DIRECT_OBJC_ISA_USAGE = YES_ERROR;
				CLANG_WARN_EMPTY_BODY = YES;
				CLANG_WARN_ENUM_CONVERSION = YES;
				CLANG_WARN_INT_CONVERSION = YES;
				CLANG_WARN_OBJC_ROOT_CLASS = YES_ERROR;
				CLANG_WARN_UNREACHABLE_CODE = YES;
				CLANG_WARN__DUPLICATE_METHOD_MATCH = YES;
				"CODE_SIGN_IDENTITY[sdk=iphoneos*]" = "iPhone Developer";
				COPY_PHASE_STRIP = NO;
				DEBUG_INFORMATION_FORMAT = "dwarf-with-dsym";
				ENABLE_NS_ASSERTIONS = NO;
				ENABLE_STRICT_OBJC_MSGSEND = YES;
				GCC_C_LANGUAGE_STANDARD = gnu99;
				GCC_NO_COMMON_BLOCKS = YES;
				GCC_WARN_64_TO_32_BIT_CONVERSION = YES;
				GCC_WARN_ABOUT_RETURN_TYPE = YES_ERROR;
				GCC_WARN_UNDECLARED_SELECTOR = YES;
				GCC_WARN_UNINITIALIZED_AUTOS = YES_AGGRESSIVE;
				GCC_WARN_UNUSED_FUNCTION = YES;
				GCC_WARN_UNUSED_VARIABLE = YES;
				IPHONEOS_DEPLOYMENT_TARGET = 9.2;
				MTL_ENABLE_DEBUG_INFO = NO;
				SDKROOT = iphoneos;
				VALIDATE_PRODUCT = YES;
			};
			name = Release;
		};
		EF3502EE1C7275ED00B4EFB5 /* Debug */ = {
			isa = XCBuildConfiguration;
			baseConfigurationReference = 6C1DB2215652FA10FF11D3BF /* Pods.debug.xcconfig */;
			buildSettings = {
				ASSETCATALOG_COMPILER_APPICON_NAME = AppIcon;
				CLANG_ENABLE_MODULES = YES;
				INFOPLIST_FILE = Tweeter/Info.plist;
				LD_RUNPATH_SEARCH_PATHS = "$(inherited) @executable_path/Frameworks";
				PRODUCT_BUNDLE_IDENTIFIER = JETTest.Tweeter;
				PRODUCT_NAME = Tweeterio;
				SWIFT_OBJC_BRIDGING_HEADER = "Tweeter/Tweeter-Bridging-Header.h";
				SWIFT_OPTIMIZATION_LEVEL = "-Onone";
			};
			name = Debug;
		};
		EF3502EF1C7275ED00B4EFB5 /* Release */ = {
			isa = XCBuildConfiguration;
			baseConfigurationReference = 2F19F28EB0ABEB30FE76D442 /* Pods.release.xcconfig */;
			buildSettings = {
				ASSETCATALOG_COMPILER_APPICON_NAME = AppIcon;
				CLANG_ENABLE_MODULES = YES;
				INFOPLIST_FILE = Tweeter/Info.plist;
				LD_RUNPATH_SEARCH_PATHS = "$(inherited) @executable_path/Frameworks";
				PRODUCT_BUNDLE_IDENTIFIER = JETTest.Tweeter;
				PRODUCT_NAME = Tweeterio;
				SWIFT_OBJC_BRIDGING_HEADER = "Tweeter/Tweeter-Bridging-Header.h";
			};
			name = Release;
		};
/* End XCBuildConfiguration section */

/* Begin XCConfigurationList section */
		EF3502D61C7275ED00B4EFB5 /* Build configuration list for PBXProject "Tweeterio" */ = {
			isa = XCConfigurationList;
			buildConfigurations = (
				EF3502EB1C7275ED00B4EFB5 /* Debug */,
				EF3502EC1C7275ED00B4EFB5 /* Release */,
			);
			defaultConfigurationIsVisible = 0;
			defaultConfigurationName = Release;
		};
		EF3502ED1C7275ED00B4EFB5 /* Build configuration list for PBXNativeTarget "Tweeterio" */ = {
			isa = XCConfigurationList;
			buildConfigurations = (
				EF3502EE1C7275ED00B4EFB5 /* Debug */,
				EF3502EF1C7275ED00B4EFB5 /* Release */,
			);
			defaultConfigurationIsVisible = 0;
			defaultConfigurationName = Release;
		};
/* End XCConfigurationList section */
	};
	rootObject = EF3502D31C7275ED00B4EFB5 /* Project object */;
}
